
Microsoft Visual Studio Solution File, Format Version 12.00
# Visual Studio Version 17
VisualStudioVersion = 17.6.33723.286
MinimumVisualStudioVersion = 10.0.40219.1
Project("{8BC9CEB8-8B4A-11D0-8D11-00A0C91BC942}") = "Example", "Example\Example.vcxproj", "{FE2E1B73-8EA3-4992-9292-15B1C82A9BEE}"
EndProject
Project("{8BC9CEB8-8B4A-11D0-8D11-00A0C91BC942}") = "1.Person", "1.Person\1.Person.vcxproj", "{DEAF938D-AFA7-4B43-80CF-F9B6123AA9FE}"
EndProject
Project("{8BC9CEB8-8B4A-11D0-8D11-00A0C91BC942}") = "2.Matrix", "2.Matrix\2.Matrix.vcxproj", "{13646E1B-7361-4955-9E05-B5F82B32EC93}"
EndProject
Project("{8BC9CEB8-8B4A-11D0-8D11-00A0C91BC942}") = "3.SingleList", "3.SingleList\3.SingleList.vcxproj", "{AB7D3F20-D091-42CF-BACE-0262E10EF57C}"
EndProject
Project("{8BC9CEB8-8B4A-11D0-8D11-00A0C91BC942}") = "4.DoublyList", "4.DoublyList\4.DoublyList.vcxproj", "{6C877183-DB72-4A2A-8FE1-4EB01C6E23D0}"
EndProject
Project("{8BC9CEB8-8B4A-11D0-8D11-00A0C91BC942}") = "5.Singleton", "5.Singleton\5.Singleton.vcxproj", "{D3A57D0A-FAA9-486E-AC98-46FADAA4B2A1}"
EndProject
Project("{8BC9CEB8-8B4A-11D0-8D11-00A0C91BC942}") = "6.Inheritance", "6.Inheritance\6.Inheritance.vcxproj", "{6A7ABE7B-FE9A-41E3-9F1F-C06D61ECFDC7}"
EndProject
Project("{8BC9CEB8-8B4A-11D0-8D11-00A0C91BC942}") = "mAbstractFactory", "mAbstractFactory\mAbstractFactory.vcxproj", "{1FBC141B-38A4-4EF0-A3C6-1696D68E4AC4}"
EndProject
Project("{8BC9CEB8-8B4A-11D0-8D11-00A0C91BC942}") = "mAdapter", "mAdapter\mAdapter.vcxproj", "{0D78420E-3108-4145-89F1-11ADF332D050}"
EndProject
Project("{8BC9CEB8-8B4A-11D0-8D11-00A0C91BC942}") = "7.Polymorphism", "7.Polymorphism\7.Polymorphism.vcxproj", "{81ECB891-3E1F-418B-A016-3396AE0D5338}"
EndProject
Global
	GlobalSection(SolutionConfigurationPlatforms) = preSolution
		Debug|x64 = Debug|x64
		Debug|x86 = Debug|x86
		Release|x64 = Release|x64
		Release|x86 = Release|x86
	EndGlobalSection
	GlobalSection(ProjectConfigurationPlatforms) = postSolution
		{FE2E1B73-8EA3-4992-9292-15B1C82A9BEE}.Debug|x64.ActiveCfg = Debug|x64
		{FE2E1B73-8EA3-4992-9292-15B1C82A9BEE}.Debug|x64.Build.0 = Debug|x64
		{FE2E1B73-8EA3-4992-9292-15B1C82A9BEE}.Debug|x86.ActiveCfg = Debug|Win32
		{FE2E1B73-8EA3-4992-9292-15B1C82A9BEE}.Debug|x86.Build.0 = Debug|Win32
		{FE2E1B73-8EA3-4992-9292-15B1C82A9BEE}.Release|x64.ActiveCfg = Release|x64
		{FE2E1B73-8EA3-4992-9292-15B1C82A9BEE}.Release|x64.Build.0 = Release|x64
		{FE2E1B73-8EA3-4992-9292-15B1C82A9BEE}.Release|x86.ActiveCfg = Release|Win32
		{FE2E1B73-8EA3-4992-9292-15B1C82A9BEE}.Release|x86.Build.0 = Release|Win32
		{DEAF938D-AFA7-4B43-80CF-F9B6123AA9FE}.Debug|x64.ActiveCfg = Debug|x64
		{DEAF938D-AFA7-4B43-80CF-F9B6123AA9FE}.Debug|x64.Build.0 = Debug|x64
		{DEAF938D-AFA7-4B43-80CF-F9B6123AA9FE}.Debug|x86.ActiveCfg = Debug|Win32
		{DEAF938D-AFA7-4B43-80CF-F9B6123AA9FE}.Debug|x86.Build.0 = Debug|Win32
		{DEAF938D-AFA7-4B43-80CF-F9B6123AA9FE}.Release|x64.ActiveCfg = Release|x64
		{DEAF938D-AFA7-4B43-80CF-F9B6123AA9FE}.Release|x64.Build.0 = Release|x64
		{DEAF938D-AFA7-4B43-80CF-F9B6123AA9FE}.Release|x86.ActiveCfg = Release|Win32
		{DEAF938D-AFA7-4B43-80CF-F9B6123AA9FE}.Release|x86.Build.0 = Release|Win32
		{13646E1B-7361-4955-9E05-B5F82B32EC93}.Debug|x64.ActiveCfg = Debug|x64
		{13646E1B-7361-4955-9E05-B5F82B32EC93}.Debug|x64.Build.0 = Debug|x64
		{13646E1B-7361-4955-9E05-B5F82B32EC93}.Debug|x86.ActiveCfg = Debug|Win32
		{13646E1B-7361-4955-9E05-B5F82B32EC93}.Debug|x86.Build.0 = Debug|Win32
		{13646E1B-7361-4955-9E05-B5F82B32EC93}.Release|x64.ActiveCfg = Release|x64
		{13646E1B-7361-4955-9E05-B5F82B32EC93}.Release|x64.Build.0 = Release|x64
		{13646E1B-7361-4955-9E05-B5F82B32EC93}.Release|x86.ActiveCfg = Release|Win32
		{13646E1B-7361-4955-9E05-B5F82B32EC93}.Release|x86.Build.0 = Release|Win32
		{AB7D3F20-D091-42CF-BACE-0262E10EF57C}.Debug|x64.ActiveCfg = Debug|x64
		{AB7D3F20-D091-42CF-BACE-0262E10EF57C}.Debug|x64.Build.0 = Debug|x64
		{AB7D3F20-D091-42CF-BACE-0262E10EF57C}.Debug|x86.ActiveCfg = Debug|Win32
		{AB7D3F20-D091-42CF-BACE-0262E10EF57C}.Debug|x86.Build.0 = Debug|Win32
		{AB7D3F20-D091-42CF-BACE-0262E10EF57C}.Release|x64.ActiveCfg = Release|x64
		{AB7D3F20-D091-42CF-BACE-0262E10EF57C}.Release|x64.Build.0 = Release|x64
		{AB7D3F20-D091-42CF-BACE-0262E10EF57C}.Release|x86.ActiveCfg = Release|Win32
		{AB7D3F20-D091-42CF-BACE-0262E10EF57C}.Release|x86.Build.0 = Release|Win32
		{6C877183-DB72-4A2A-8FE1-4EB01C6E23D0}.Debug|x64.ActiveCfg = Debug|x64
		{6C877183-DB72-4A2A-8FE1-4EB01C6E23D0}.Debug|x64.Build.0 = Debug|x64
		{6C877183-DB72-4A2A-8FE1-4EB01C6E23D0}.Debug|x86.ActiveCfg = Debug|Win32
		{6C877183-DB72-4A2A-8FE1-4EB01C6E23D0}.Debug|x86.Build.0 = Debug|Win32
		{6C877183-DB72-4A2A-8FE1-4EB01C6E23D0}.Release|x64.ActiveCfg = Release|x64
		{6C877183-DB72-4A2A-8FE1-4EB01C6E23D0}.Release|x64.Build.0 = Release|x64
		{6C877183-DB72-4A2A-8FE1-4EB01C6E23D0}.Release|x86.ActiveCfg = Release|Win32
		{6C877183-DB72-4A2A-8FE1-4EB01C6E23D0}.Release|x86.Build.0 = Release|Win32
		{D3A57D0A-FAA9-486E-AC98-46FADAA4B2A1}.Debug|x64.ActiveCfg = Debug|x64
		{D3A57D0A-FAA9-486E-AC98-46FADAA4B2A1}.Debug|x64.Build.0 = Debug|x64
		{D3A57D0A-FAA9-486E-AC98-46FADAA4B2A1}.Debug|x86.ActiveCfg = Debug|Win32
		{D3A57D0A-FAA9-486E-AC98-46FADAA4B2A1}.Debug|x86.Build.0 = Debug|Win32
		{D3A57D0A-FAA9-486E-AC98-46FADAA4B2A1}.Release|x64.ActiveCfg = Release|x64
		{D3A57D0A-FAA9-486E-AC98-46FADAA4B2A1}.Release|x64.Build.0 = Release|x64
		{D3A57D0A-FAA9-486E-AC98-46FADAA4B2A1}.Release|x86.ActiveCfg = Release|Win32
		{D3A57D0A-FAA9-486E-AC98-46FADAA4B2A1}.Release|x86.Build.0 = Release|Win32
		{6A7ABE7B-FE9A-41E3-9F1F-C06D61ECFDC7}.Debug|x64.ActiveCfg = Debug|x64
		{6A7ABE7B-FE9A-41E3-9F1F-C06D61ECFDC7}.Debug|x64.Build.0 = Debug|x64
		{6A7ABE7B-FE9A-41E3-9F1F-C06D61ECFDC7}.Debug|x86.ActiveCfg = Debug|Win32
		{6A7ABE7B-FE9A-41E3-9F1F-C06D61ECFDC7}.Debug|x86.Build.0 = Debug|Win32
		{6A7ABE7B-FE9A-41E3-9F1F-C06D61ECFDC7}.Release|x64.ActiveCfg = Release|x64
		{6A7ABE7B-FE9A-41E3-9F1F-C06D61ECFDC7}.Release|x64.Build.0 = Release|x64
		{6A7ABE7B-FE9A-41E3-9F1F-C06D61ECFDC7}.Release|x86.ActiveCfg = Release|Win32
		{6A7ABE7B-FE9A-41E3-9F1F-C06D61ECFDC7}.Release|x86.Build.0 = Release|Win32
		{1FBC141B-38A4-4EF0-A3C6-1696D68E4AC4}.Debug|x64.ActiveCfg = Debug|x64
		{1FBC141B-38A4-4EF0-A3C6-1696D68E4AC4}.Debug|x64.Build.0 = Debug|x64
		{1FBC141B-38A4-4EF0-A3C6-1696D68E4AC4}.Debug|x86.ActiveCfg = Debug|Win32
		{1FBC141B-38A4-4EF0-A3C6-1696D68E4AC4}.Debug|x86.Build.0 = Debug|Win32
		{1FBC141B-38A4-4EF0-A3C6-1696D68E4AC4}.Release|x64.ActiveCfg = Release|x64
		{1FBC141B-38A4-4EF0-A3C6-1696D68E4AC4}.Release|x64.Build.0 = Release|x64
		{1FBC141B-38A4-4EF0-A3C6-1696D68E4AC4}.Release|x86.ActiveCfg = Release|Win32
		{1FBC141B-38A4-4EF0-A3C6-1696D68E4AC4}.Release|x86.Build.0 = Release|Win32
		{0D78420E-3108-4145-89F1-11ADF332D050}.Debug|x64.ActiveCfg = Debug|x64
		{0D78420E-3108-4145-89F1-11ADF332D050}.Debug|x64.Build.0 = Debug|x64
		{0D78420E-3108-4145-89F1-11ADF332D050}.Debug|x86.ActiveCfg = Debug|Win32
		{0D78420E-3108-4145-89F1-11ADF332D050}.Debug|x86.Build.0 = Debug|Win32
		{0D78420E-3108-4145-89F1-11ADF332D050}.Release|x64.ActiveCfg = Release|x64
		{0D78420E-3108-4145-89F1-11ADF332D050}.Release|x64.Build.0 = Release|x64
		{0D78420E-3108-4145-89F1-11ADF332D050}.Release|x86.ActiveCfg = Release|Win32
		{0D78420E-3108-4145-89F1-11ADF332D050}.Release|x86.Build.0 = Release|Win32
		{81ECB891-3E1F-418B-A016-3396AE0D5338}.Debug|x64.ActiveCfg = Debug|x64
		{81ECB891-3E1F-418B-A016-3396AE0D5338}.Debug|x64.Build.0 = Debug|x64
		{81ECB891-3E1F-418B-A016-3396AE0D5338}.Debug|x86.ActiveCfg = Debug|Win32
		{81ECB891-3E1F-418B-A016-3396AE0D5338}.Debug|x86.Build.0 = Debug|Win32
		{81ECB891-3E1F-418B-A016-3396AE0D5338}.Release|x64.ActiveCfg = Release|x64
		{81ECB891-3E1F-418B-A016-3396AE0D5338}.Release|x64.Build.0 = Release|x64
		{81ECB891-3E1F-418B-A016-3396AE0D5338}.Release|x86.ActiveCfg = Release|Win32
		{81ECB891-3E1F-418B-A016-3396AE0D5338}.Release|x86.Build.0 = Release|Win32
	EndGlobalSection
	GlobalSection(SolutionProperties) = preSolution
		HideSolutionNode = FALSE
	EndGlobalSection
	GlobalSection(ExtensibilityGlobals) = postSolution
		SolutionGuid = {6D6EECB2-D278-49D3-BA4B-4D7693B9396E}
	EndGlobalSection
EndGlobal
